<Solution>
  <Project Path="MINMs.UnitTests/MINMs.UnitTests.csproj"/>
  <Project Path="MINMs.Client/MINMs.Сlient.esproj">
    <Build />
    <Deploy />
  </Project>
  <Project Path="MINMs.Server/MINMs.Server.csproj" />
  <Folder Name="/Infrastructure/">
    <File Path="Infrastructure/docker-compose.yml" />
  </Folder>
</Solution>
